
Microsoft Visual Studio Solution File, Format Version 12.00
# Visual Studio 15
VisualStudioVersion = 15.0.33529.398
MinimumVisualStudioVersion = 10.0.40219.1
Project("{FAE04EC0-301F-11D3-BF4B-00C04F79EFBC}") = "ApiServer", "ApiServer\ApiServer.csproj", "{D1595CAD-8A56-40F3-A4B7-E34CC1F0951D}"
EndProject
Global
	GlobalSection(SolutionConfigurationPlatforms) = preSolution
		Debug|Any CPU = Debug|Any CPU
		Release|Any CPU = Release|Any CPU
	EndGlobalSection
	GlobalSection(ProjectConfigurationPlatforms) = postSolution
		{D1595CAD-8A56-40F3-A4B7-E34CC1F0951D}.Debug|Any CPU.ActiveCfg = Debug|Any CPU
		{D1595CAD-8A56-40F3-A4B7-E34CC1F0951D}.Debug|Any CPU.Build.0 = Debug|Any CPU
		{D1595CAD-8A56-40F3-A4B7-E34CC1F0951D}.Release|Any CPU.ActiveCfg = Release|Any CPU
		{D1595CAD-8A56-40F3-A4B7-E34CC1F0951D}.Release|Any CPU.Build.0 = Release|Any CPU
	EndGlobalSection
	GlobalSection(SolutionProperties) = preSolution
		HideSolutionNode = FALSE
	EndGlobalSection
	GlobalSection(ExtensibilityGlobals) = postSolution
		SolutionGuid = {27C1886B-BDD9-4F41-B628-FF5AD37C211D}
	EndGlobalSection
EndGlobal
